
Microsoft Visual Studio Solution File, Format Version 12.00
# Visual Studio Version 16
VisualStudioVersion = 16.0.29911.84
MinimumVisualStudioVersion = 10.0.40219.1
Project("{FAE04EC0-301F-11D3-BF4B-00C04F79EFBC}") = "CSLaba4t2", "CSLaba4t2\CSLaba4t2.csproj", "{AD6D0D07-CDB2-4B27-ADCB-F7A562FABEF7}"
EndProject
Global
	GlobalSection(SolutionConfigurationPlatforms) = preSolution
		Debug|Any CPU = Debug|Any CPU
		Release|Any CPU = Release|Any CPU
	EndGlobalSection
	GlobalSection(ProjectConfigurationPlatforms) = postSolution
		{AD6D0D07-CDB2-4B27-ADCB-F7A562FABEF7}.Debug|Any CPU.ActiveCfg = Debug|Any CPU
		{AD6D0D07-CDB2-4B27-ADCB-F7A562FABEF7}.Debug|Any CPU.Build.0 = Debug|Any CPU
		{AD6D0D07-CDB2-4B27-ADCB-F7A562FABEF7}.Release|Any CPU.ActiveCfg = Release|Any CPU
		{AD6D0D07-CDB2-4B27-ADCB-F7A562FABEF7}.Release|Any CPU.Build.0 = Release|Any CPU
	EndGlobalSection
	GlobalSection(SolutionProperties) = preSolution
		HideSolutionNode = FALSE
	EndGlobalSection
	GlobalSection(ExtensibilityGlobals) = postSolution
		SolutionGuid = {4AF08139-E292-47C6-BDE6-8BB862910E00}
	EndGlobalSection
EndGlobal
