
Microsoft Visual Studio Solution File, Format Version 12.00
# Visual Studio Version 16
VisualStudioVersion = 16.0.29911.84
MinimumVisualStudioVersion = 10.0.40219.1
Project("{FAE04EC0-301F-11D3-BF4B-00C04F79EFBC}") = "CSLaba7", "CSLaba7\CSLaba7.csproj", "{54B0033A-1DE5-45E6-972B-54F7F2AABE24}"
EndProject
Global
	GlobalSection(SolutionConfigurationPlatforms) = preSolution
		Debug|Any CPU = Debug|Any CPU
		Release|Any CPU = Release|Any CPU
	EndGlobalSection
	GlobalSection(ProjectConfigurationPlatforms) = postSolution
		{54B0033A-1DE5-45E6-972B-54F7F2AABE24}.Debug|Any CPU.ActiveCfg = Debug|Any CPU
		{54B0033A-1DE5-45E6-972B-54F7F2AABE24}.Debug|Any CPU.Build.0 = Debug|Any CPU
		{54B0033A-1DE5-45E6-972B-54F7F2AABE24}.Release|Any CPU.ActiveCfg = Release|Any CPU
		{54B0033A-1DE5-45E6-972B-54F7F2AABE24}.Release|Any CPU.Build.0 = Release|Any CPU
	EndGlobalSection
	GlobalSection(SolutionProperties) = preSolution
		HideSolutionNode = FALSE
	EndGlobalSection
	GlobalSection(ExtensibilityGlobals) = postSolution
		SolutionGuid = {E4B65CAF-A338-40CD-B761-79091F377C5B}
	EndGlobalSection
EndGlobal
